// !$*UTF8*$!
{
	archiveVersion = 1;
	classes = {
	};
	objectVersion = 50;
	objects = {

/* Begin PBXBuildFile section */
		9B45A9A0221B7B0B00305441 /* Script.swift in Sources */ = {isa = PBXBuildFile; fileRef = 9B45A99F221B7B0B00305441 /* Script.swift */; };
		9B45A9A2221B7B2600305441 /* ItemConfigMode.swift in Sources */ = {isa = PBXBuildFile; fileRef = 9B45A9A1221B7B2600305441 /* ItemConfigMode.swift */; };
		9B45A9A4221B7B4000305441 /* JobStatus.swift in Sources */ = {isa = PBXBuildFile; fileRef = 9B45A9A3221B7B4000305441 /* JobStatus.swift */; };
		9B45A9A6221B7B6000305441 /* ItemConfig.swift in Sources */ = {isa = PBXBuildFile; fileRef = 9B45A9A5221B7B6000305441 /* ItemConfig.swift */; };
		9B4912D2221CCAD2006E6C73 /* LabelProtocol.swift in Sources */ = {isa = PBXBuildFile; fileRef = 9B4912D1221CCAD2006E6C73 /* LabelProtocol.swift */; };
		9B53792522296C9100D88798 /* README.md in Resources */ = {isa = PBXBuildFile; fileRef = 9B53792422296C9000D88798 /* README.md */; };
		9B53792722296C9800D88798 /* LICENSE.md in Resources */ = {isa = PBXBuildFile; fileRef = 9B53792622296C9800D88798 /* LICENSE.md */; };
		9BDEE78222163235006BA354 /* AppDelegate.swift in Sources */ = {isa = PBXBuildFile; fileRef = 9BDEE78122163235006BA354 /* AppDelegate.swift */; };
		9BDEE78622163235006BA354 /* Assets.xcassets in Resources */ = {isa = PBXBuildFile; fileRef = 9BDEE78522163235006BA354 /* Assets.xcassets */; };
		9BDEE78922163235006BA354 /* Main.storyboard in Resources */ = {isa = PBXBuildFile; fileRef = 9BDEE78722163235006BA354 /* Main.storyboard */; };
		9BDEE79522163235006BA354 /* shbar2Tests.swift in Sources */ = {isa = PBXBuildFile; fileRef = 9BDEE79422163235006BA354 /* shbar2Tests.swift */; };
/* End PBXBuildFile section */

/* Begin PBXContainerItemProxy section */
		9BDEE79122163235006BA354 /* PBXContainerItemProxy */ = {
			isa = PBXContainerItemProxy;
			containerPortal = 9BDEE77622163234006BA354 /* Project object */;
			proxyType = 1;
			remoteGlobalIDString = 9BDEE77D22163235006BA354;
			remoteInfo = shbar2;
		};
/* End PBXContainerItemProxy section */

/* Begin PBXFileReference section */
		9B45A99F221B7B0B00305441 /* Script.swift */ = {isa = PBXFileReference; lastKnownFileType = sourcecode.swift; path = Script.swift; sourceTree = "<group>"; };
		9B45A9A1221B7B2600305441 /* ItemConfigMode.swift */ = {isa = PBXFileReference; lastKnownFileType = sourcecode.swift; path = ItemConfigMode.swift; sourceTree = "<group>"; };
		9B45A9A3221B7B4000305441 /* JobStatus.swift */ = {isa = PBXFileReference; lastKnownFileType = sourcecode.swift; path = JobStatus.swift; sourceTree = "<group>"; };
		9B45A9A5221B7B6000305441 /* ItemConfig.swift */ = {isa = PBXFileReference; lastKnownFileType = sourcecode.swift; path = ItemConfig.swift; sourceTree = "<group>"; };
		9B4912D1221CCAD2006E6C73 /* LabelProtocol.swift */ = {isa = PBXFileReference; lastKnownFileType = sourcecode.swift; path = LabelProtocol.swift; sourceTree = "<group>"; };
		9B53792422296C9000D88798 /* README.md */ = {isa = PBXFileReference; fileEncoding = 4; lastKnownFileType = net.daringfireball.markdown; path = README.md; sourceTree = "<group>"; };
		9B53792622296C9800D88798 /* LICENSE.md */ = {isa = PBXFileReference; fileEncoding = 4; lastKnownFileType = net.daringfireball.markdown; path = LICENSE.md; sourceTree = "<group>"; };
		9BDEE77E22163235006BA354 /* shbar2.app */ = {isa = PBXFileReference; explicitFileType = wrapper.application; includeInIndex = 0; path = shbar2.app; sourceTree = BUILT_PRODUCTS_DIR; };
		9BDEE78122163235006BA354 /* AppDelegate.swift */ = {isa = PBXFileReference; lastKnownFileType = sourcecode.swift; path = AppDelegate.swift; sourceTree = "<group>"; };
		9BDEE78522163235006BA354 /* Assets.xcassets */ = {isa = PBXFileReference; lastKnownFileType = folder.assetcatalog; path = Assets.xcassets; sourceTree = "<group>"; };
		9BDEE78822163235006BA354 /* Base */ = {isa = PBXFileReference; lastKnownFileType = file.storyboard; name = Base; path = Base.lproj/Main.storyboard; sourceTree = "<group>"; };
		9BDEE78A22163235006BA354 /* Info.plist */ = {isa = PBXFileReference; lastKnownFileType = text.plist.xml; path = Info.plist; sourceTree = "<group>"; };
		9BDEE78B22163235006BA354 /* shbar2.entitlements */ = {isa = PBXFileReference; lastKnownFileType = text.plist.entitlements; path = shbar2.entitlements; sourceTree = "<group>"; };
		9BDEE79022163235006BA354 /* shbar2Tests.xctest */ = {isa = PBXFileReference; explicitFileType = wrapper.cfbundle; includeInIndex = 0; path = shbar2Tests.xctest; sourceTree = BUILT_PRODUCTS_DIR; };
		9BDEE79422163235006BA354 /* shbar2Tests.swift */ = {isa = PBXFileReference; lastKnownFileType = sourcecode.swift; path = shbar2Tests.swift; sourceTree = "<group>"; };
		9BDEE79622163235006BA354 /* Info.plist */ = {isa = PBXFileReference; lastKnownFileType = text.plist.xml; path = Info.plist; sourceTree = "<group>"; };
/* End PBXFileReference section */

/* Begin PBXFrameworksBuildPhase section */
		9BDEE77B22163235006BA354 /* Frameworks */ = {
			isa = PBXFrameworksBuildPhase;
			buildActionMask = 2147483647;
			files = (
			);
			runOnlyForDeploymentPostprocessing = 0;
		};
		9BDEE78D22163235006BA354 /* Frameworks */ = {
			isa = PBXFrameworksBuildPhase;
			buildActionMask = 2147483647;
			files = (
			);
			runOnlyForDeploymentPostprocessing = 0;
		};
/* End PBXFrameworksBuildPhase section */

/* Begin PBXGroup section */
		9BDEE77522163234006BA354 = {
			isa = PBXGroup;
			children = (
				9B53792422296C9000D88798 /* README.md */,
				9B53792622296C9800D88798 /* LICENSE.md */,
				9BDEE78022163235006BA354 /* shbar2 */,
				9BDEE79322163235006BA354 /* shbar2Tests */,
				9BDEE77F22163235006BA354 /* Products */,
			);
			sourceTree = "<group>";
		};
		9BDEE77F22163235006BA354 /* Products */ = {
			isa = PBXGroup;
			children = (
				9BDEE77E22163235006BA354 /* shbar2.app */,
				9BDEE79022163235006BA354 /* shbar2Tests.xctest */,
			);
			name = Products;
			sourceTree = "<group>";
		};
		9BDEE78022163235006BA354 /* shbar2 */ = {
			isa = PBXGroup;
			children = (
				9BDEE78122163235006BA354 /* AppDelegate.swift */,
				9B45A9A5221B7B6000305441 /* ItemConfig.swift */,
				9B45A9A3221B7B4000305441 /* JobStatus.swift */,
				9B45A9A1221B7B2600305441 /* ItemConfigMode.swift */,
				9B45A99F221B7B0B00305441 /* Script.swift */,
				9BDEE78522163235006BA354 /* Assets.xcassets */,
				9BDEE78722163235006BA354 /* Main.storyboard */,
				9BDEE78A22163235006BA354 /* Info.plist */,
				9BDEE78B22163235006BA354 /* shbar2.entitlements */,
				9B4912D1221CCAD2006E6C73 /* LabelProtocol.swift */,
			);
			path = shbar2;
			sourceTree = "<group>";
		};
		9BDEE79322163235006BA354 /* shbar2Tests */ = {
			isa = PBXGroup;
			children = (
				9BDEE79422163235006BA354 /* shbar2Tests.swift */,
				9BDEE79622163235006BA354 /* Info.plist */,
			);
			path = shbar2Tests;
			sourceTree = "<group>";
		};
/* End PBXGroup section */

/* Begin PBXNativeTarget section */
		9BDEE77D22163235006BA354 /* shbar2 */ = {
			isa = PBXNativeTarget;
			buildConfigurationList = 9BDEE79922163235006BA354 /* Build configuration list for PBXNativeTarget "shbar2" */;
			buildPhases = (
				9BDEE77A22163235006BA354 /* Sources */,
				9BDEE77B22163235006BA354 /* Frameworks */,
				9BDEE77C22163235006BA354 /* Resources */,
			);
			buildRules = (
			);
			dependencies = (
			);
			name = shbar2;
			productName = shbar2;
			productReference = 9BDEE77E22163235006BA354 /* shbar2.app */;
			productType = "com.apple.product-type.application";
		};
		9BDEE78F22163235006BA354 /* shbar2Tests */ = {
			isa = PBXNativeTarget;
			buildConfigurationList = 9BDEE79C22163235006BA354 /* Build configuration list for PBXNativeTarget "shbar2Tests" */;
			buildPhases = (
				9BDEE78C22163235006BA354 /* Sources */,
				9BDEE78D22163235006BA354 /* Frameworks */,
				9BDEE78E22163235006BA354 /* Resources */,
			);
			buildRules = (
			);
			dependencies = (
				9BDEE79222163235006BA354 /* PBXTargetDependency */,
			);
			name = shbar2Tests;
			productName = shbar2Tests;
			productReference = 9BDEE79022163235006BA354 /* shbar2Tests.xctest */;
			productType = "com.apple.product-type.bundle.unit-test";
		};
/* End PBXNativeTarget section */

/* Begin PBXProject section */
		9BDEE77622163234006BA354 /* Project object */ = {
			isa = PBXProject;
			attributes = {
				LastSwiftUpdateCheck = 1010;
				LastUpgradeCheck = 1010;
				ORGANIZATIONNAME = "Rich Infante";
				TargetAttributes = {
					9BDEE77D22163235006BA354 = {
						CreatedOnToolsVersion = 10.1;
						SystemCapabilities = {
							com.apple.HardenedRuntime = {
								enabled = 1;
							};
							com.apple.Sandbox = {
								enabled = 0;
							};
						};
					};
					9BDEE78F22163235006BA354 = {
						CreatedOnToolsVersion = 10.1;
						TestTargetID = 9BDEE77D22163235006BA354;
					};
				};
			};
			buildConfigurationList = 9BDEE77922163234006BA354 /* Build configuration list for PBXProject "shbar2" */;
			compatibilityVersion = "Xcode 9.3";
			developmentRegion = en;
			hasScannedForEncodings = 0;
			knownRegions = (
				en,
				Base,
			);
			mainGroup = 9BDEE77522163234006BA354;
			productRefGroup = 9BDEE77F22163235006BA354 /* Products */;
			projectDirPath = "";
			projectRoot = "";
			targets = (
				9BDEE77D22163235006BA354 /* shbar2 */,
				9BDEE78F22163235006BA354 /* shbar2Tests */,
			);
		};
/* End PBXProject section */

/* Begin PBXResourcesBuildPhase section */
		9BDEE77C22163235006BA354 /* Resources */ = {
			isa = PBXResourcesBuildPhase;
			buildActionMask = 2147483647;
			files = (
				9B53792722296C9800D88798 /* LICENSE.md in Resources */,
				9B53792522296C9100D88798 /* README.md in Resources */,
				9BDEE78622163235006BA354 /* Assets.xcassets in Resources */,
				9BDEE78922163235006BA354 /* Main.storyboard in Resources */,
			);
			runOnlyForDeploymentPostprocessing = 0;
		};
		9BDEE78E22163235006BA354 /* Resources */ = {
			isa = PBXResourcesBuildPhase;
			buildActionMask = 2147483647;
			files = (
			);
			runOnlyForDeploymentPostprocessing = 0;
		};
/* End PBXResourcesBuildPhase section */

/* Begin PBXSourcesBuildPhase section */
		9BDEE77A22163235006BA354 /* Sources */ = {
			isa = PBXSourcesBuildPhase;
			buildActionMask = 2147483647;
			files = (
				9B45A9A2221B7B2600305441 /* ItemConfigMode.swift in Sources */,
				9B45A9A4221B7B4000305441 /* JobStatus.swift in Sources */,
				9B45A9A0221B7B0B00305441 /* Script.swift in Sources */,
				9BDEE78222163235006BA354 /* AppDelegate.swift in Sources */,
				9B4912D2221CCAD2006E6C73 /* LabelProtocol.swift in Sources */,
				9B45A9A6221B7B6000305441 /* ItemConfig.swift in Sources */,
			);
			runOnlyForDeploymentPostprocessing = 0;
		};
		9BDEE78C22163235006BA354 /* Sources */ = {
			isa = PBXSourcesBuildPhase;
			buildActionMask = 2147483647;
			files = (
				9BDEE79522163235006BA354 /* shbar2Tests.swift in Sources */,
			);
			runOnlyForDeploymentPostprocessing = 0;
		};
/* End PBXSourcesBuildPhase section */

/* Begin PBXTargetDependency section */
		9BDEE79222163235006BA354 /* PBXTargetDependency */ = {
			isa = PBXTargetDependency;
			target = 9BDEE77D22163235006BA354 /* shbar2 */;
			targetProxy = 9BDEE79122163235006BA354 /* PBXContainerItemProxy */;
		};
/* End PBXTargetDependency section */

/* Begin PBXVariantGroup section */
		9BDEE78722163235006BA354 /* Main.storyboard */ = {
			isa = PBXVariantGroup;
			children = (
				9BDEE78822163235006BA354 /* Base */,
			);
			name = Main.storyboard;
			sourceTree = "<group>";
		};
/* End PBXVariantGroup section */

/* Begin XCBuildConfiguration section */
		9BDEE79722163235006BA354 /* Debug */ = {
			isa = XCBuildConfiguration;
			buildSettings = {
				ALWAYS_SEARCH_USER_PATHS = NO;
				CLANG_ANALYZER_NONNULL = YES;
				CLANG_ANALYZER_NUMBER_OBJECT_CONVERSION = YES_AGGRESSIVE;
				CLANG_CXX_LANGUAGE_STANDARD = "gnu++14";
				CLANG_CXX_LIBRARY = "libc++";
				CLANG_ENABLE_MODULES = YES;
				CLANG_ENABLE_OBJC_ARC = YES;
				CLANG_ENABLE_OBJC_WEAK = YES;
				CLANG_WARN_BLOCK_CAPTURE_AUTORELEASING = YES;
				CLANG_WARN_BOOL_CONVERSION = YES;
				CLANG_WARN_COMMA = YES;
				CLANG_WARN_CONSTANT_CONVERSION = YES;
				CLANG_WARN_DEPRECATED_OBJC_IMPLEMENTATIONS = YES;
				CLANG_WARN_DIRECT_OBJC_ISA_USAGE = YES_ERROR;
				CLANG_WARN_DOCUMENTATION_COMMENTS = YES;
				CLANG_WARN_EMPTY_BODY = YES;
				CLANG_WARN_ENUM_CONVERSION = YES;
				CLANG_WARN_INFINITE_RECURSION = YES;
				CLANG_WARN_INT_CONVERSION = YES;
				CLANG_WARN_NON_LITERAL_NULL_CONVERSION = YES;
				CLANG_WARN_OBJC_IMPLICIT_RETAIN_SELF = YES;
				CLANG_WARN_OBJC_LITERAL_CONVERSION = YES;
				CLANG_WARN_OBJC_ROOT_CLASS = YES_ERROR;
				CLANG_WARN_RANGE_LOOP_ANALYSIS = YES;
				CLANG_WARN_STRICT_PROTOTYPES = YES;
				CLANG_WARN_SUSPICIOUS_MOVE = YES;
				CLANG_WARN_UNGUARDED_AVAILABILITY = YES_AGGRESSIVE;
				CLANG_WARN_UNREACHABLE_CODE = YES;
				CLANG_WARN__DUPLICATE_METHOD_MATCH = YES;
				CODE_SIGN_IDENTITY = "Mac Developer";
				COPY_PHASE_STRIP = NO;
				DEBUG_INFORMATION_FORMAT = dwarf;
				ENABLE_STRICT_OBJC_MSGSEND = YES;
				ENABLE_TESTABILITY = YES;
				GCC_C_LANGUAGE_STANDARD = gnu11;
				GCC_DYNAMIC_NO_PIC = NO;
				GCC_NO_COMMON_BLOCKS = YES;
				GCC_OPTIMIZATION_LEVEL = 0;
				GCC_PREPROCESSOR_DEFINITIONS = (
					"DEBUG=1",
					"$(inherited)",
				);
				GCC_WARN_64_TO_32_BIT_CONVERSION = YES;
				GCC_WARN_ABOUT_RETURN_TYPE = YES_ERROR;
				GCC_WARN_UNDECLARED_SELECTOR = YES;
				GCC_WARN_UNINITIALIZED_AUTOS = YES_AGGRESSIVE;
				GCC_WARN_UNUSED_FUNCTION = YES;
				GCC_WARN_UNUSED_VARIABLE = YES;
				MACOSX_DEPLOYMENT_TARGET = 10.14;
				MTL_ENABLE_DEBUG_INFO = INCLUDE_SOURCE;
				MTL_FAST_MATH = YES;
				ONLY_ACTIVE_ARCH = YES;
				SDKROOT = macosx;
				SWIFT_ACTIVE_COMPILATION_CONDITIONS = DEBUG;
				SWIFT_OPTIMIZATION_LEVEL = "-Onone";
			};
			name = Debug;
		};
		9BDEE79822163235006BA354 /* Release */ = {
			isa = XCBuildConfiguration;
			buildSettings = {
				ALWAYS_SEARCH_USER_PATHS = NO;
				CLANG_ANALYZER_NONNULL = YES;
				CLANG_ANALYZER_NUMBER_OBJECT_CONVERSION = YES_AGGRESSIVE;
				CLANG_CXX_LANGUAGE_STANDARD = "gnu++14";
				CLANG_CXX_LIBRARY = "libc++";
				CLANG_ENABLE_MODULES = YES;
				CLANG_ENABLE_OBJC_ARC = YES;
				CLANG_ENABLE_OBJC_WEAK = YES;
				CLANG_WARN_BLOCK_CAPTURE_AUTORELEASING = YES;
				CLANG_WARN_BOOL_CONVERSION = YES;
				CLANG_WARN_COMMA = YES;
				CLANG_WARN_CONSTANT_CONVERSION = YES;
				CLANG_WARN_DEPRECATED_OBJC_IMPLEMENTATIONS = YES;
				CLANG_WARN_DIRECT_OBJC_ISA_USAGE = YES_ERROR;
				CLANG_WARN_DOCUMENTATION_COMMENTS = YES;
				CLANG_WARN_EMPTY_BODY = YES;
				CLANG_WARN_ENUM_CONVERSION = YES;
				CLANG_WARN_INFINITE_RECURSION = YES;
				CLANG_WARN_INT_CONVERSION = YES;
				CLANG_WARN_NON_LITERAL_NULL_CONVERSION = YES;
				CLANG_WARN_OBJC_IMPLICIT_RETAIN_SELF = YES;
				CLANG_WARN_OBJC_LITERAL_CONVERSION = YES;
				CLANG_WARN_OBJC_ROOT_CLASS = YES_ERROR;
				CLANG_WARN_RANGE_LOOP_ANALYSIS = YES;
				CLANG_WARN_STRICT_PROTOTYPES = YES;
				CLANG_WARN_SUSPICIOUS_MOVE = YES;
				CLANG_WARN_UNGUARDED_AVAILABILITY = YES_AGGRESSIVE;
				CLANG_WARN_UNREACHABLE_CODE = YES;
				CLANG_WARN__DUPLICATE_METHOD_MATCH = YES;
				CODE_SIGN_IDENTITY = "Mac Developer";
				COPY_PHASE_STRIP = NO;
				DEBUG_INFORMATION_FORMAT = "dwarf-with-dsym";
				ENABLE_NS_ASSERTIONS = NO;
				ENABLE_STRICT_OBJC_MSGSEND = YES;
				GCC_C_LANGUAGE_STANDARD = gnu11;
				GCC_NO_COMMON_BLOCKS = YES;
				GCC_WARN_64_TO_32_BIT_CONVERSION = YES;
				GCC_WARN_ABOUT_RETURN_TYPE = YES_ERROR;
				GCC_WARN_UNDECLARED_SELECTOR = YES;
				GCC_WARN_UNINITIALIZED_AUTOS = YES_AGGRESSIVE;
				GCC_WARN_UNUSED_FUNCTION = YES;
				GCC_WARN_UNUSED_VARIABLE = YES;
				MACOSX_DEPLOYMENT_TARGET = 10.14;
				MTL_ENABLE_DEBUG_INFO = NO;
				MTL_FAST_MATH = YES;
				SDKROOT = macosx;
				SWIFT_COMPILATION_MODE = wholemodule;
				SWIFT_OPTIMIZATION_LEVEL = "-O";
			};
			name = Release;
		};
		9BDEE79A22163235006BA354 /* Debug */ = {
			isa = XCBuildConfiguration;
			buildSettings = {
				ASSETCATALOG_COMPILER_APPICON_NAME = AppIcon;
				CODE_SIGN_IDENTITY = "Mac Developer";
				CODE_SIGN_STYLE = Automatic;
				COMBINE_HIDPI_IMAGES = YES;
				DEVELOPMENT_TEAM = 7A264T7MNQ;
				ENABLE_HARDENED_RUNTIME = YES;
				INFOPLIST_FILE = shbar2/Info.plist;
				LD_RUNPATH_SEARCH_PATHS = (
					"$(inherited)",
					"@executable_path/../Frameworks",
				);
				PRODUCT_BUNDLE_IDENTIFIER = com.richinfante.shbar2;
				PRODUCT_NAME = "$(TARGET_NAME)";
				PROVISIONING_PROFILE_SPECIFIER = "";
				SWIFT_VERSION = 4.2;
			};
			name = Debug;
		};
		9BDEE79B22163235006BA354 /* Release */ = {
			isa = XCBuildConfiguration;
			buildSettings = {
				ASSETCATALOG_COMPILER_APPICON_NAME = AppIcon;
				CODE_SIGN_IDENTITY = "Mac Developer";
				CODE_SIGN_STYLE = Automatic;
				COMBINE_HIDPI_IMAGES = YES;
				DEVELOPMENT_TEAM = 7A264T7MNQ;
				ENABLE_HARDENED_RUNTIME = YES;
				INFOPLIST_FILE = shbar2/Info.plist;
				LD_RUNPATH_SEARCH_PATHS = (
					"$(inherited)",
					"@executable_path/../Frameworks",
				);
				PRODUCT_BUNDLE_IDENTIFIER = com.richinfante.shbar2;
				PRODUCT_NAME = "$(TARGET_NAME)";
				PROVISIONING_PROFILE_SPECIFIER = "";
				SWIFT_VERSION = 4.2;
			};
			name = Release;
		};
		9BDEE79D22163235006BA354 /* Debug */ = {
			isa = XCBuildConfiguration;
			buildSettings = {
				ALWAYS_EMBED_SWIFT_STANDARD_LIBRARIES = YES;
				BUNDLE_LOADER = "$(TEST_HOST)";
				CODE_SIGN_STYLE = Automatic;
				COMBINE_HIDPI_IMAGES = YES;
				DEVELOPMENT_TEAM = 7A264T7MNQ;
				INFOPLIST_FILE = shbar2Tests/Info.plist;
				LD_RUNPATH_SEARCH_PATHS = (
					"$(inherited)",
					"@executable_path/../Frameworks",
					"@loader_path/../Frameworks",
				);
				PRODUCT_BUNDLE_IDENTIFIER = com.richinfante.shbar2Tests;
				PRODUCT_NAME = "$(TARGET_NAME)";
				SWIFT_VERSION = 4.2;
				TEST_HOST = "$(BUILT_PRODUCTS_DIR)/shbar2.app/Contents/MacOS/shbar2";
			};
			name = Debug;
		};
		9BDEE79E22163235006BA354 /* Release */ = {
			isa = XCBuildConfiguration;
			buildSettings = {
				ALWAYS_EMBED_SWIFT_STANDARD_LIBRARIES = YES;
				BUNDLE_LOADER = "$(TEST_HOST)";
				CODE_SIGN_STYLE = Automatic;
				COMBINE_HIDPI_IMAGES = YES;
				DEVELOPMENT_TEAM = 7A264T7MNQ;
				INFOPLIST_FILE = shbar2Tests/Info.plist;
				LD_RUNPATH_SEARCH_PATHS = (
					"$(inherited)",
					"@executable_path/../Frameworks",
					"@loader_path/../Frameworks",
				);
				PRODUCT_BUNDLE_IDENTIFIER = com.richinfante.shbar2Tests;
				PRODUCT_NAME = "$(TARGET_NAME)";
				SWIFT_VERSION = 4.2;
				TEST_HOST = "$(BUILT_PRODUCTS_DIR)/shbar2.app/Contents/MacOS/shbar2";
			};
			name = Release;
		};
/* End XCBuildConfiguration section */

/* Begin XCConfigurationList section */
		9BDEE77922163234006BA354 /* Build configuration list for PBXProject "shbar2" */ = {
			isa = XCConfigurationList;
			buildConfigurations = (
				9BDEE79722163235006BA354 /* Debug */,
				9BDEE79822163235006BA354 /* Release */,
			);
			defaultConfigurationIsVisible = 0;
			defaultConfigurationName = Release;
		};
		9BDEE79922163235006BA354 /* Build configuration list for PBXNativeTarget "shbar2" */ = {
			isa = XCConfigurationList;
			buildConfigurations = (
				9BDEE79A22163235006BA354 /* Debug */,
				9BDEE79B22163235006BA354 /* Release */,
			);
			defaultConfigurationIsVisible = 0;
			defaultConfigurationName = Release;
		};
		9BDEE79C22163235006BA354 /* Build configuration list for PBXNativeTarget "shbar2Tests" */ = {
			isa = XCConfigurationList;
			buildConfigurations = (
				9BDEE79D22163235006BA354 /* Debug */,
				9BDEE79E22163235006BA354 /* Release */,
			);
			defaultConfigurationIsVisible = 0;
			defaultConfigurationName = Release;
		};
/* End XCConfigurationList section */
	};
	rootObject = 9BDEE77622163234006BA354 /* Project object */;
}
